
Microsoft Visual Studio Solution File, Format Version 12.00
# Visual Studio 15
VisualStudioVersion = 15.0.28010.2046
MinimumVisualStudioVersion = 10.0.40219.1
Project("{FAE04EC0-301F-11D3-BF4B-00C04F79EFBC}") = "PHP.Library", "PHP.Library\PHP.Library.csproj", "{C919115D-214B-4B05-A11E-FAB49B457400}"
EndProject
Project("{FAE04EC0-301F-11D3-BF4B-00C04F79EFBC}") = "PHP.Interpreter", "PHP.Interpreter\PHP.Interpreter.csproj", "{4414E2B2-DFA6-4D5E-B266-B2FB77AB298E}"
EndProject
Project("{FAE04EC0-301F-11D3-BF4B-00C04F79EFBC}") = "PHP.Library.Tests", "PHP.Library.Tests\PHP.Library.Tests.csproj", "{EDB8A750-2005-4499-AAAC-6E4497E5F523}"
EndProject
Project("{FAE04EC0-301F-11D3-BF4B-00C04F79EFBC}") = "PHP.Library.Tests.Helper", "PHP.Library.Tests.Helper\PHP.Library.Tests.Helper.csproj", "{B48BC4F7-CFB9-47AA-8F53-225C864AF9B6}"
EndProject
Project("{FAE04EC0-301F-11D3-BF4B-00C04F79EFBC}") = "PHP.Parser", "PHP.Parser\PHP.Parser.csproj", "{F3996BF0-A3AE-4AC2-AA93-8095E29C3AFF}"
EndProject
Global
	GlobalSection(SolutionConfigurationPlatforms) = preSolution
		Debug|Any CPU = Debug|Any CPU
		Release|Any CPU = Release|Any CPU
	EndGlobalSection
	GlobalSection(ProjectConfigurationPlatforms) = postSolution
		{C919115D-214B-4B05-A11E-FAB49B457400}.Debug|Any CPU.ActiveCfg = Debug|Any CPU
		{C919115D-214B-4B05-A11E-FAB49B457400}.Debug|Any CPU.Build.0 = Debug|Any CPU
		{C919115D-214B-4B05-A11E-FAB49B457400}.Release|Any CPU.ActiveCfg = Release|Any CPU
		{C919115D-214B-4B05-A11E-FAB49B457400}.Release|Any CPU.Build.0 = Release|Any CPU
		{4414E2B2-DFA6-4D5E-B266-B2FB77AB298E}.Debug|Any CPU.ActiveCfg = Debug|Any CPU
		{4414E2B2-DFA6-4D5E-B266-B2FB77AB298E}.Debug|Any CPU.Build.0 = Debug|Any CPU
		{4414E2B2-DFA6-4D5E-B266-B2FB77AB298E}.Release|Any CPU.ActiveCfg = Release|Any CPU
		{4414E2B2-DFA6-4D5E-B266-B2FB77AB298E}.Release|Any CPU.Build.0 = Release|Any CPU
		{EDB8A750-2005-4499-AAAC-6E4497E5F523}.Debug|Any CPU.ActiveCfg = Debug|Any CPU
		{EDB8A750-2005-4499-AAAC-6E4497E5F523}.Debug|Any CPU.Build.0 = Debug|Any CPU
		{EDB8A750-2005-4499-AAAC-6E4497E5F523}.Release|Any CPU.ActiveCfg = Release|Any CPU
		{EDB8A750-2005-4499-AAAC-6E4497E5F523}.Release|Any CPU.Build.0 = Release|Any CPU
		{B48BC4F7-CFB9-47AA-8F53-225C864AF9B6}.Debug|Any CPU.ActiveCfg = Debug|Any CPU
		{B48BC4F7-CFB9-47AA-8F53-225C864AF9B6}.Debug|Any CPU.Build.0 = Debug|Any CPU
		{B48BC4F7-CFB9-47AA-8F53-225C864AF9B6}.Release|Any CPU.ActiveCfg = Release|Any CPU
		{B48BC4F7-CFB9-47AA-8F53-225C864AF9B6}.Release|Any CPU.Build.0 = Release|Any CPU
		{F3996BF0-A3AE-4AC2-AA93-8095E29C3AFF}.Debug|Any CPU.ActiveCfg = Debug|Any CPU
		{F3996BF0-A3AE-4AC2-AA93-8095E29C3AFF}.Debug|Any CPU.Build.0 = Debug|Any CPU
		{F3996BF0-A3AE-4AC2-AA93-8095E29C3AFF}.Release|Any CPU.ActiveCfg = Release|Any CPU
		{F3996BF0-A3AE-4AC2-AA93-8095E29C3AFF}.Release|Any CPU.Build.0 = Release|Any CPU
	EndGlobalSection
	GlobalSection(SolutionProperties) = preSolution
		HideSolutionNode = FALSE
	EndGlobalSection
	GlobalSection(ExtensibilityGlobals) = postSolution
		SolutionGuid = {F7B16EC3-EE1C-42FC-BD28-A9FAA0CA46FC}
	EndGlobalSection
EndGlobal
