
Microsoft Visual Studio Solution File, Format Version 12.00
# Visual Studio 15
VisualStudioVersion = 15.0.28010.2046
MinimumVisualStudioVersion = 10.0.40219.1
Project("{9A19103F-16F7-4668-BE54-9A1E7A4F7556}") = "PHP", "PHP\PHP.csproj", "{C919115D-214B-4B05-A11E-FAB49B457400}"
EndProject
Project("{9A19103F-16F7-4668-BE54-9A1E7A4F7556}") = "PHP.Interpreter", "PHP.Interpreter\PHP.Interpreter.csproj", "{4414E2B2-DFA6-4D5E-B266-B2FB77AB298E}"
EndProject
Project("{FAE04EC0-301F-11D3-BF4B-00C04F79EFBC}") = "PHP.Antlr", "PHP.Antlr\PHP.Antlr.csproj", "{01B3DFEC-88DC-40FB-BA9A-1017228027FB}"
EndProject
Global
	GlobalSection(SolutionConfigurationPlatforms) = preSolution
		Debug|Any CPU = Debug|Any CPU
		Release|Any CPU = Release|Any CPU
	EndGlobalSection
	GlobalSection(ProjectConfigurationPlatforms) = postSolution
		{C919115D-214B-4B05-A11E-FAB49B457400}.Debug|Any CPU.ActiveCfg = Debug|Any CPU
		{C919115D-214B-4B05-A11E-FAB49B457400}.Debug|Any CPU.Build.0 = Debug|Any CPU
		{C919115D-214B-4B05-A11E-FAB49B457400}.Release|Any CPU.ActiveCfg = Release|Any CPU
		{C919115D-214B-4B05-A11E-FAB49B457400}.Release|Any CPU.Build.0 = Release|Any CPU
		{4414E2B2-DFA6-4D5E-B266-B2FB77AB298E}.Debug|Any CPU.ActiveCfg = Debug|Any CPU
		{4414E2B2-DFA6-4D5E-B266-B2FB77AB298E}.Debug|Any CPU.Build.0 = Debug|Any CPU
		{4414E2B2-DFA6-4D5E-B266-B2FB77AB298E}.Release|Any CPU.ActiveCfg = Release|Any CPU
		{4414E2B2-DFA6-4D5E-B266-B2FB77AB298E}.Release|Any CPU.Build.0 = Release|Any CPU
		{01B3DFEC-88DC-40FB-BA9A-1017228027FB}.Debug|Any CPU.ActiveCfg = Debug|Any CPU
		{01B3DFEC-88DC-40FB-BA9A-1017228027FB}.Debug|Any CPU.Build.0 = Debug|Any CPU
		{01B3DFEC-88DC-40FB-BA9A-1017228027FB}.Release|Any CPU.ActiveCfg = Release|Any CPU
		{01B3DFEC-88DC-40FB-BA9A-1017228027FB}.Release|Any CPU.Build.0 = Release|Any CPU
	EndGlobalSection
	GlobalSection(SolutionProperties) = preSolution
		HideSolutionNode = FALSE
	EndGlobalSection
	GlobalSection(ExtensibilityGlobals) = postSolution
		SolutionGuid = {F7B16EC3-EE1C-42FC-BD28-A9FAA0CA46FC}
	EndGlobalSection
EndGlobal
